
Microsoft Visual Studio Solution File, Format Version 12.00
# Visual Studio Version 17
VisualStudioVersion = 17.10.35027.167
MinimumVisualStudioVersion = 10.0.40219.1
Project("{FAE04EC0-301F-11D3-BF4B-00C04F79EFBC}") = "CarsApp", "CarsApp\CarsApp.csproj", "{B048ED96-C1D8-4D69-B9C1-3A1C04AD9E85}"
EndProject
Global
	GlobalSection(SolutionConfigurationPlatforms) = preSolution
		Debug|Any CPU = Debug|Any CPU
		Release|Any CPU = Release|Any CPU
	EndGlobalSection
	GlobalSection(ProjectConfigurationPlatforms) = postSolution
		{B048ED96-C1D8-4D69-B9C1-3A1C04AD9E85}.Debug|Any CPU.ActiveCfg = Debug|Any CPU
		{B048ED96-C1D8-4D69-B9C1-3A1C04AD9E85}.Debug|Any CPU.Build.0 = Debug|Any CPU
		{B048ED96-C1D8-4D69-B9C1-3A1C04AD9E85}.Release|Any CPU.ActiveCfg = Release|Any CPU
		{B048ED96-C1D8-4D69-B9C1-3A1C04AD9E85}.Release|Any CPU.Build.0 = Release|Any CPU
	EndGlobalSection
	GlobalSection(SolutionProperties) = preSolution
		HideSolutionNode = FALSE
	EndGlobalSection
	GlobalSection(ExtensibilityGlobals) = postSolution
		SolutionGuid = {F48B7053-66D9-4427-A4E0-679144B61881}
	EndGlobalSection
EndGlobal
